
Microsoft Visual Studio Solution File, Format Version 12.00
# Visual Studio 2013
VisualStudioVersion = 12.0.21005.1
MinimumVisualStudioVersion = 10.0.40219.1
Project("{FAE04EC0-301F-11D3-BF4B-00C04F79EFBC}") = "NET.W.2017.Battalova.02", "NET.W.2017.Battalova.02\NET.W.2017.Battalova.02.csproj", "{11FA3A20-6B81-4DF7-8BB1-BD7BD3C6B06B}"
EndProject
Project("{FAE04EC0-301F-11D3-BF4B-00C04F79EFBC}") = "NET.W.2017.Battalova.02.Tests", "NET.W.2017.Battalova.02.Tests\NET.W.2017.Battalova.02.Tests.csproj", "{7D615009-75C3-41AD-9392-1910B9ECC211}"
EndProject
Global
	GlobalSection(SolutionConfigurationPlatforms) = preSolution
		Debug|Any CPU = Debug|Any CPU
		Release|Any CPU = Release|Any CPU
	EndGlobalSection
	GlobalSection(ProjectConfigurationPlatforms) = postSolution
		{11FA3A20-6B81-4DF7-8BB1-BD7BD3C6B06B}.Debug|Any CPU.ActiveCfg = Debug|Any CPU
		{11FA3A20-6B81-4DF7-8BB1-BD7BD3C6B06B}.Debug|Any CPU.Build.0 = Debug|Any CPU
		{11FA3A20-6B81-4DF7-8BB1-BD7BD3C6B06B}.Release|Any CPU.ActiveCfg = Release|Any CPU
		{11FA3A20-6B81-4DF7-8BB1-BD7BD3C6B06B}.Release|Any CPU.Build.0 = Release|Any CPU
		{7D615009-75C3-41AD-9392-1910B9ECC211}.Debug|Any CPU.ActiveCfg = Debug|Any CPU
		{7D615009-75C3-41AD-9392-1910B9ECC211}.Debug|Any CPU.Build.0 = Debug|Any CPU
		{7D615009-75C3-41AD-9392-1910B9ECC211}.Release|Any CPU.ActiveCfg = Release|Any CPU
		{7D615009-75C3-41AD-9392-1910B9ECC211}.Release|Any CPU.Build.0 = Release|Any CPU
	EndGlobalSection
	GlobalSection(SolutionProperties) = preSolution
		HideSolutionNode = FALSE
	EndGlobalSection
EndGlobal
