
Microsoft Visual Studio Solution File, Format Version 12.00
# Visual Studio 2013
VisualStudioVersion = 12.0.21005.1
MinimumVisualStudioVersion = 10.0.40219.1
Project("{FAE04EC0-301F-11D3-BF4B-00C04F79EFBC}") = "PixelsTranformationPlugin", "PixelsTranformationPlugin\PixelsTranformationPlugin.csproj", "{2C834D24-0BA6-4643-B9D6-53984CD14461}"
EndProject
Global
	GlobalSection(SolutionConfigurationPlatforms) = preSolution
		Debug|Any CPU = Debug|Any CPU
		Release|Any CPU = Release|Any CPU
	EndGlobalSection
	GlobalSection(ProjectConfigurationPlatforms) = postSolution
		{2C834D24-0BA6-4643-B9D6-53984CD14461}.Debug|Any CPU.ActiveCfg = Debug|Any CPU
		{2C834D24-0BA6-4643-B9D6-53984CD14461}.Debug|Any CPU.Build.0 = Debug|Any CPU
		{2C834D24-0BA6-4643-B9D6-53984CD14461}.Release|Any CPU.ActiveCfg = Release|Any CPU
		{2C834D24-0BA6-4643-B9D6-53984CD14461}.Release|Any CPU.Build.0 = Release|Any CPU
	EndGlobalSection
	GlobalSection(SolutionProperties) = preSolution
		HideSolutionNode = FALSE
	EndGlobalSection
EndGlobal
