
Microsoft Visual Studio Solution File, Format Version 12.00
# Visual Studio 2013
VisualStudioVersion = 12.0.21005.1
MinimumVisualStudioVersion = 10.0.40219.1
Project("{00D1A9C2-B5F0-4AF3-8072-F6C62B433612}") = "functions", "functions\functions.sqlproj", "{AFF39213-01AF-4EC5-9DC9-77DE74C24C53}"
EndProject
Global
	GlobalSection(SolutionConfigurationPlatforms) = preSolution
		Debug|Any CPU = Debug|Any CPU
		Release|Any CPU = Release|Any CPU
	EndGlobalSection
	GlobalSection(ProjectConfigurationPlatforms) = postSolution
		{AFF39213-01AF-4EC5-9DC9-77DE74C24C53}.Debug|Any CPU.ActiveCfg = Debug|Any CPU
		{AFF39213-01AF-4EC5-9DC9-77DE74C24C53}.Debug|Any CPU.Build.0 = Debug|Any CPU
		{AFF39213-01AF-4EC5-9DC9-77DE74C24C53}.Debug|Any CPU.Deploy.0 = Debug|Any CPU
		{AFF39213-01AF-4EC5-9DC9-77DE74C24C53}.Release|Any CPU.ActiveCfg = Release|Any CPU
		{AFF39213-01AF-4EC5-9DC9-77DE74C24C53}.Release|Any CPU.Build.0 = Release|Any CPU
		{AFF39213-01AF-4EC5-9DC9-77DE74C24C53}.Release|Any CPU.Deploy.0 = Release|Any CPU
	EndGlobalSection
	GlobalSection(SolutionProperties) = preSolution
		HideSolutionNode = FALSE
	EndGlobalSection
EndGlobal
